// !$*UTF8*$!
{
	archiveVersion = 1;
	classes = {
	};
	objectVersion = 55;
	objects = {

/* Begin PBXBuildFile section */
		483516F92834A783004F2FA6 /* Constants.swift in Sources */ = {isa = PBXBuildFile; fileRef = 483516F82834A783004F2FA6 /* Constants.swift */; };
		485AF6B7283387D100EBB55A /* AppDelegate.swift in Sources */ = {isa = PBXBuildFile; fileRef = 485AF6B6283387D100EBB55A /* AppDelegate.swift */; };
		485AF6B9283387D100EBB55A /* SceneDelegate.swift in Sources */ = {isa = PBXBuildFile; fileRef = 485AF6B8283387D100EBB55A /* SceneDelegate.swift */; };
		485AF6BB283387D100EBB55A /* ViewController.swift in Sources */ = {isa = PBXBuildFile; fileRef = 485AF6BA283387D100EBB55A /* ViewController.swift */; };
		485AF6BE283387D100EBB55A /* Main.storyboard in Resources */ = {isa = PBXBuildFile; fileRef = 485AF6BC283387D100EBB55A /* Main.storyboard */; };
		485AF6C0283387D300EBB55A /* Assets.xcassets in Resources */ = {isa = PBXBuildFile; fileRef = 485AF6BF283387D300EBB55A /* Assets.xcassets */; };
		485AF6C3283387D300EBB55A /* LaunchScreen.storyboard in Resources */ = {isa = PBXBuildFile; fileRef = 485AF6C1283387D300EBB55A /* LaunchScreen.storyboard */; };
		485AF70D2833887200EBB55A /* CivDetailModuleInterface.swift in Sources */ = {isa = PBXBuildFile; fileRef = 485AF6FA2833887100EBB55A /* CivDetailModuleInterface.swift */; };
		485AF70E2833887200EBB55A /* CivDetailService.swift in Sources */ = {isa = PBXBuildFile; fileRef = 485AF6FD2833887100EBB55A /* CivDetailService.swift */; };
		485AF70F2833887200EBB55A /* CivDetailServiceType.swift in Sources */ = {isa = PBXBuildFile; fileRef = 485AF6FE2833887100EBB55A /* CivDetailServiceType.swift */; };
		485AF7102833887200EBB55A /* CivDetailInteractor.swift in Sources */ = {isa = PBXBuildFile; fileRef = 485AF7002833887100EBB55A /* CivDetailInteractor.swift */; };
		485AF7112833887200EBB55A /* CivDetailInteractorIO.swift in Sources */ = {isa = PBXBuildFile; fileRef = 485AF7012833887100EBB55A /* CivDetailInteractorIO.swift */; };
		485AF7122833887200EBB55A /* CivDetailPresenter.swift in Sources */ = {isa = PBXBuildFile; fileRef = 485AF7042833887200EBB55A /* CivDetailPresenter.swift */; };
		485AF7132833887200EBB55A /* CivDetailWireframe.swift in Sources */ = {isa = PBXBuildFile; fileRef = 485AF7062833887200EBB55A /* CivDetailWireframe.swift */; };
		485AF7142833887200EBB55A /* CivDetailWireframeInput.swift in Sources */ = {isa = PBXBuildFile; fileRef = 485AF7072833887200EBB55A /* CivDetailWireframeInput.swift */; };
		485AF7152833887200EBB55A /* CivDetailViewInterface.swift in Sources */ = {isa = PBXBuildFile; fileRef = 485AF70A2833887200EBB55A /* CivDetailViewInterface.swift */; };
		485AF7162833887200EBB55A /* CivDetailViewController.swift in Sources */ = {isa = PBXBuildFile; fileRef = 485AF70B2833887200EBB55A /* CivDetailViewController.swift */; };
		485AF7172833887200EBB55A /* CivDetail.storyboard in Resources */ = {isa = PBXBuildFile; fileRef = 485AF70C2833887200EBB55A /* CivDetail.storyboard */; };
		485AF7402833890700EBB55A /* WireframeInput.swift in Sources */ = {isa = PBXBuildFile; fileRef = 485AF73F2833890700EBB55A /* WireframeInput.swift */; };
		485AF74428338B2000EBB55A /* NetworkManager.swift in Sources */ = {isa = PBXBuildFile; fileRef = 485AF74328338B2000EBB55A /* NetworkManager.swift */; };
		485AF74728338C7600EBB55A /* CivilisationResponseModel.swift in Sources */ = {isa = PBXBuildFile; fileRef = 485AF74628338C7600EBB55A /* CivilisationResponseModel.swift */; };
		485AF74A28338D2900EBB55A /* Endpoints.swift in Sources */ = {isa = PBXBuildFile; fileRef = 485AF74928338D2900EBB55A /* Endpoints.swift */; };
		485AF74C28338F4F00EBB55A /* CivApi.swift in Sources */ = {isa = PBXBuildFile; fileRef = 485AF74B28338F4F00EBB55A /* CivApi.swift */; };
		485AF7742833A9D700EBB55A /* CivilizationsModuleInterface.swift in Sources */ = {isa = PBXBuildFile; fileRef = 485AF7612833A9D700EBB55A /* CivilizationsModuleInterface.swift */; };
		485AF7752833A9D700EBB55A /* CivilizationsService.swift in Sources */ = {isa = PBXBuildFile; fileRef = 485AF7642833A9D700EBB55A /* CivilizationsService.swift */; };
		485AF7762833A9D700EBB55A /* CivilizationsServiceType.swift in Sources */ = {isa = PBXBuildFile; fileRef = 485AF7652833A9D700EBB55A /* CivilizationsServiceType.swift */; };
		485AF7772833A9D700EBB55A /* CivilizationsInteractor.swift in Sources */ = {isa = PBXBuildFile; fileRef = 485AF7672833A9D700EBB55A /* CivilizationsInteractor.swift */; };
		485AF7782833A9D700EBB55A /* CivilizationsInteractorIO.swift in Sources */ = {isa = PBXBuildFile; fileRef = 485AF7682833A9D700EBB55A /* CivilizationsInteractorIO.swift */; };
		485AF7792833A9D700EBB55A /* CivilizationsPresenter.swift in Sources */ = {isa = PBXBuildFile; fileRef = 485AF76B2833A9D700EBB55A /* CivilizationsPresenter.swift */; };
		485AF77A2833A9D700EBB55A /* CivilizationsWireframe.swift in Sources */ = {isa = PBXBuildFile; fileRef = 485AF76D2833A9D700EBB55A /* CivilizationsWireframe.swift */; };
		485AF77B2833A9D700EBB55A /* CivilizationsWireframeInput.swift in Sources */ = {isa = PBXBuildFile; fileRef = 485AF76E2833A9D700EBB55A /* CivilizationsWireframeInput.swift */; };
		485AF77C2833A9D700EBB55A /* CivilizationsViewController.swift in Sources */ = {isa = PBXBuildFile; fileRef = 485AF7712833A9D700EBB55A /* CivilizationsViewController.swift */; };
		485AF77D2833A9D700EBB55A /* CivilizationsViewInterface.swift in Sources */ = {isa = PBXBuildFile; fileRef = 485AF7722833A9D700EBB55A /* CivilizationsViewInterface.swift */; };
		485AF77E2833A9D700EBB55A /* Civilizations.storyboard in Resources */ = {isa = PBXBuildFile; fileRef = 485AF7732833A9D700EBB55A /* Civilizations.storyboard */; };
		485AF7812833AA2900EBB55A /* CivilizationStructure.swift in Sources */ = {isa = PBXBuildFile; fileRef = 485AF7802833AA2900EBB55A /* CivilizationStructure.swift */; };
/* End PBXBuildFile section */

/* Begin PBXFileReference section */
		483516F82834A783004F2FA6 /* Constants.swift */ = {isa = PBXFileReference; lastKnownFileType = sourcecode.swift; path = Constants.swift; sourceTree = "<group>"; };
		485AF6B3283387D100EBB55A /* AgeViperVTwo.app */ = {isa = PBXFileReference; explicitFileType = wrapper.application; includeInIndex = 0; path = AgeViperVTwo.app; sourceTree = BUILT_PRODUCTS_DIR; };
		485AF6B6283387D100EBB55A /* AppDelegate.swift */ = {isa = PBXFileReference; lastKnownFileType = sourcecode.swift; path = AppDelegate.swift; sourceTree = "<group>"; };
		485AF6B8283387D100EBB55A /* SceneDelegate.swift */ = {isa = PBXFileReference; lastKnownFileType = sourcecode.swift; path = SceneDelegate.swift; sourceTree = "<group>"; };
		485AF6BA283387D100EBB55A /* ViewController.swift */ = {isa = PBXFileReference; lastKnownFileType = sourcecode.swift; path = ViewController.swift; sourceTree = "<group>"; };
		485AF6BD283387D100EBB55A /* Base */ = {isa = PBXFileReference; lastKnownFileType = file.storyboard; name = Base; path = Base.lproj/Main.storyboard; sourceTree = "<group>"; };
		485AF6BF283387D300EBB55A /* Assets.xcassets */ = {isa = PBXFileReference; lastKnownFileType = folder.assetcatalog; path = Assets.xcassets; sourceTree = "<group>"; };
		485AF6C2283387D300EBB55A /* Base */ = {isa = PBXFileReference; lastKnownFileType = file.storyboard; name = Base; path = Base.lproj/LaunchScreen.storyboard; sourceTree = "<group>"; };
		485AF6C4283387D300EBB55A /* Info.plist */ = {isa = PBXFileReference; lastKnownFileType = text.plist.xml; path = Info.plist; sourceTree = "<group>"; };
		485AF6FA2833887100EBB55A /* CivDetailModuleInterface.swift */ = {isa = PBXFileReference; fileEncoding = 4; lastKnownFileType = sourcecode.swift; path = CivDetailModuleInterface.swift; sourceTree = "<group>"; };
		485AF6FD2833887100EBB55A /* CivDetailService.swift */ = {isa = PBXFileReference; fileEncoding = 4; lastKnownFileType = sourcecode.swift; path = CivDetailService.swift; sourceTree = "<group>"; };
		485AF6FE2833887100EBB55A /* CivDetailServiceType.swift */ = {isa = PBXFileReference; fileEncoding = 4; lastKnownFileType = sourcecode.swift; path = CivDetailServiceType.swift; sourceTree = "<group>"; };
		485AF7002833887100EBB55A /* CivDetailInteractor.swift */ = {isa = PBXFileReference; fileEncoding = 4; lastKnownFileType = sourcecode.swift; path = CivDetailInteractor.swift; sourceTree = "<group>"; };
		485AF7012833887100EBB55A /* CivDetailInteractorIO.swift */ = {isa = PBXFileReference; fileEncoding = 4; lastKnownFileType = sourcecode.swift; path = CivDetailInteractorIO.swift; sourceTree = "<group>"; };
		485AF7042833887200EBB55A /* CivDetailPresenter.swift */ = {isa = PBXFileReference; fileEncoding = 4; lastKnownFileType = sourcecode.swift; path = CivDetailPresenter.swift; sourceTree = "<group>"; };
		485AF7062833887200EBB55A /* CivDetailWireframe.swift */ = {isa = PBXFileReference; fileEncoding = 4; lastKnownFileType = sourcecode.swift; path = CivDetailWireframe.swift; sourceTree = "<group>"; };
		485AF7072833887200EBB55A /* CivDetailWireframeInput.swift */ = {isa = PBXFileReference; fileEncoding = 4; lastKnownFileType = sourcecode.swift; path = CivDetailWireframeInput.swift; sourceTree = "<group>"; };
		485AF70A2833887200EBB55A /* CivDetailViewInterface.swift */ = {isa = PBXFileReference; fileEncoding = 4; lastKnownFileType = sourcecode.swift; path = CivDetailViewInterface.swift; sourceTree = "<group>"; };
		485AF70B2833887200EBB55A /* CivDetailViewController.swift */ = {isa = PBXFileReference; fileEncoding = 4; lastKnownFileType = sourcecode.swift; path = CivDetailViewController.swift; sourceTree = "<group>"; };
		485AF70C2833887200EBB55A /* CivDetail.storyboard */ = {isa = PBXFileReference; fileEncoding = 4; lastKnownFileType = file.storyboard; path = CivDetail.storyboard; sourceTree = "<group>"; };
		485AF73F2833890700EBB55A /* WireframeInput.swift */ = {isa = PBXFileReference; lastKnownFileType = sourcecode.swift; path = WireframeInput.swift; sourceTree = "<group>"; };
		485AF74328338B2000EBB55A /* NetworkManager.swift */ = {isa = PBXFileReference; lastKnownFileType = sourcecode.swift; path = NetworkManager.swift; sourceTree = "<group>"; };
		485AF74628338C7600EBB55A /* CivilisationResponseModel.swift */ = {isa = PBXFileReference; lastKnownFileType = sourcecode.swift; path = CivilisationResponseModel.swift; sourceTree = "<group>"; };
		485AF74928338D2900EBB55A /* Endpoints.swift */ = {isa = PBXFileReference; lastKnownFileType = sourcecode.swift; path = Endpoints.swift; sourceTree = "<group>"; };
		485AF74B28338F4F00EBB55A /* CivApi.swift */ = {isa = PBXFileReference; lastKnownFileType = sourcecode.swift; path = CivApi.swift; sourceTree = "<group>"; };
		485AF7612833A9D700EBB55A /* CivilizationsModuleInterface.swift */ = {isa = PBXFileReference; fileEncoding = 4; lastKnownFileType = sourcecode.swift; path = CivilizationsModuleInterface.swift; sourceTree = "<group>"; };
		485AF7642833A9D700EBB55A /* CivilizationsService.swift */ = {isa = PBXFileReference; fileEncoding = 4; lastKnownFileType = sourcecode.swift; path = CivilizationsService.swift; sourceTree = "<group>"; };
		485AF7652833A9D700EBB55A /* CivilizationsServiceType.swift */ = {isa = PBXFileReference; fileEncoding = 4; lastKnownFileType = sourcecode.swift; path = CivilizationsServiceType.swift; sourceTree = "<group>"; };
		485AF7672833A9D700EBB55A /* CivilizationsInteractor.swift */ = {isa = PBXFileReference; fileEncoding = 4; lastKnownFileType = sourcecode.swift; path = CivilizationsInteractor.swift; sourceTree = "<group>"; };
		485AF7682833A9D700EBB55A /* CivilizationsInteractorIO.swift */ = {isa = PBXFileReference; fileEncoding = 4; lastKnownFileType = sourcecode.swift; path = CivilizationsInteractorIO.swift; sourceTree = "<group>"; };
		485AF76B2833A9D700EBB55A /* CivilizationsPresenter.swift */ = {isa = PBXFileReference; fileEncoding = 4; lastKnownFileType = sourcecode.swift; path = CivilizationsPresenter.swift; sourceTree = "<group>"; };
		485AF76D2833A9D700EBB55A /* CivilizationsWireframe.swift */ = {isa = PBXFileReference; fileEncoding = 4; lastKnownFileType = sourcecode.swift; path = CivilizationsWireframe.swift; sourceTree = "<group>"; };
		485AF76E2833A9D700EBB55A /* CivilizationsWireframeInput.swift */ = {isa = PBXFileReference; fileEncoding = 4; lastKnownFileType = sourcecode.swift; path = CivilizationsWireframeInput.swift; sourceTree = "<group>"; };
		485AF7712833A9D700EBB55A /* CivilizationsViewController.swift */ = {isa = PBXFileReference; fileEncoding = 4; lastKnownFileType = sourcecode.swift; path = CivilizationsViewController.swift; sourceTree = "<group>"; };
		485AF7722833A9D700EBB55A /* CivilizationsViewInterface.swift */ = {isa = PBXFileReference; fileEncoding = 4; lastKnownFileType = sourcecode.swift; path = CivilizationsViewInterface.swift; sourceTree = "<group>"; };
		485AF7732833A9D700EBB55A /* Civilizations.storyboard */ = {isa = PBXFileReference; fileEncoding = 4; lastKnownFileType = file.storyboard; path = Civilizations.storyboard; sourceTree = "<group>"; };
		485AF7802833AA2900EBB55A /* CivilizationStructure.swift */ = {isa = PBXFileReference; lastKnownFileType = sourcecode.swift; path = CivilizationStructure.swift; sourceTree = "<group>"; };
/* End PBXFileReference section */

/* Begin PBXFrameworksBuildPhase section */
		485AF6B0283387D100EBB55A /* Frameworks */ = {
			isa = PBXFrameworksBuildPhase;
			buildActionMask = 2147483647;
			files = (
			);
			runOnlyForDeploymentPostprocessing = 0;
		};
/* End PBXFrameworksBuildPhase section */

/* Begin PBXGroup section */
		485AF6AA283387D100EBB55A = {
			isa = PBXGroup;
			children = (
				485AF6B5283387D100EBB55A /* AgeViperVTwo */,
				485AF6B4283387D100EBB55A /* Products */,
			);
			sourceTree = "<group>";
		};
		485AF6B4283387D100EBB55A /* Products */ = {
			isa = PBXGroup;
			children = (
				485AF6B3283387D100EBB55A /* AgeViperVTwo.app */,
			);
			name = Products;
			sourceTree = "<group>";
		};
		485AF6B5283387D100EBB55A /* AgeViperVTwo */ = {
			isa = PBXGroup;
			children = (
				485AF7822833AB0500EBB55A /* Module */,
				485AF7412833890D00EBB55A /* Base */,
				485AF74828338D1900EBB55A /* Helpers */,
				485AF74528338C6200EBB55A /* Model */,
				485AF74228338ADF00EBB55A /* NetworkManager */,
				485AF6B6283387D100EBB55A /* AppDelegate.swift */,
				485AF6B8283387D100EBB55A /* SceneDelegate.swift */,
				485AF6BA283387D100EBB55A /* ViewController.swift */,
				485AF6BC283387D100EBB55A /* Main.storyboard */,
				485AF6BF283387D300EBB55A /* Assets.xcassets */,
				485AF6C1283387D300EBB55A /* LaunchScreen.storyboard */,
				485AF6C4283387D300EBB55A /* Info.plist */,
			);
			path = AgeViperVTwo;
			sourceTree = "<group>";
		};
		485AF6F82833887100EBB55A /* CivDetail */ = {
			isa = PBXGroup;
			children = (
				485AF6F92833887100EBB55A /* Module Interface */,
				485AF6FB2833887100EBB55A /* Application Logic */,
				485AF7022833887100EBB55A /* User Interface */,
			);
			path = CivDetail;
			sourceTree = "<group>";
		};
		485AF6F92833887100EBB55A /* Module Interface */ = {
			isa = PBXGroup;
			children = (
				485AF6FA2833887100EBB55A /* CivDetailModuleInterface.swift */,
			);
			path = "Module Interface";
			sourceTree = "<group>";
		};
		485AF6FB2833887100EBB55A /* Application Logic */ = {
			isa = PBXGroup;
			children = (
				485AF6FC2833887100EBB55A /* Service */,
				485AF6FF2833887100EBB55A /* Interactor */,
			);
			path = "Application Logic";
			sourceTree = "<group>";
		};
		485AF6FC2833887100EBB55A /* Service */ = {
			isa = PBXGroup;
			children = (
				485AF6FD2833887100EBB55A /* CivDetailService.swift */,
				485AF6FE2833887100EBB55A /* CivDetailServiceType.swift */,
			);
			path = Service;
			sourceTree = "<group>";
		};
		485AF6FF2833887100EBB55A /* Interactor */ = {
			isa = PBXGroup;
			children = (
				485AF7002833887100EBB55A /* CivDetailInteractor.swift */,
				485AF7012833887100EBB55A /* CivDetailInteractorIO.swift */,
			);
			path = Interactor;
			sourceTree = "<group>";
		};
		485AF7022833887100EBB55A /* User Interface */ = {
			isa = PBXGroup;
			children = (
				485AF7032833887100EBB55A /* Presenter */,
				485AF7052833887200EBB55A /* Wireframe */,
				485AF7082833887200EBB55A /* View */,
			);
			path = "User Interface";
			sourceTree = "<group>";
		};
		485AF7032833887100EBB55A /* Presenter */ = {
			isa = PBXGroup;
			children = (
				485AF7042833887200EBB55A /* CivDetailPresenter.swift */,
			);
			path = Presenter;
			sourceTree = "<group>";
		};
		485AF7052833887200EBB55A /* Wireframe */ = {
			isa = PBXGroup;
			children = (
				485AF7062833887200EBB55A /* CivDetailWireframe.swift */,
				485AF7072833887200EBB55A /* CivDetailWireframeInput.swift */,
			);
			path = Wireframe;
			sourceTree = "<group>";
		};
		485AF7082833887200EBB55A /* View */ = {
			isa = PBXGroup;
			children = (
				485AF7092833887200EBB55A /* ViewModels */,
				485AF70A2833887200EBB55A /* CivDetailViewInterface.swift */,
				485AF70B2833887200EBB55A /* CivDetailViewController.swift */,
				485AF70C2833887200EBB55A /* CivDetail.storyboard */,
			);
			path = View;
			sourceTree = "<group>";
		};
		485AF7092833887200EBB55A /* ViewModels */ = {
			isa = PBXGroup;
			children = (
			);
			path = ViewModels;
			sourceTree = "<group>";
		};
		485AF7412833890D00EBB55A /* Base */ = {
			isa = PBXGroup;
			children = (
				485AF73F2833890700EBB55A /* WireframeInput.swift */,
			);
			path = Base;
			sourceTree = "<group>";
		};
		485AF74228338ADF00EBB55A /* NetworkManager */ = {
			isa = PBXGroup;
			children = (
				485AF74328338B2000EBB55A /* NetworkManager.swift */,
				485AF74B28338F4F00EBB55A /* CivApi.swift */,
			);
			path = NetworkManager;
			sourceTree = "<group>";
		};
		485AF74528338C6200EBB55A /* Model */ = {
			isa = PBXGroup;
			children = (
				485AF74628338C7600EBB55A /* CivilisationResponseModel.swift */,
			);
			path = Model;
			sourceTree = "<group>";
		};
		485AF74828338D1900EBB55A /* Helpers */ = {
			isa = PBXGroup;
			children = (
				485AF74928338D2900EBB55A /* Endpoints.swift */,
				483516F82834A783004F2FA6 /* Constants.swift */,
			);
			path = Helpers;
			sourceTree = "<group>";
		};
		485AF75F2833A9D700EBB55A /* Civilizations */ = {
			isa = PBXGroup;
			children = (
				485AF7602833A9D700EBB55A /* Module Interface */,
				485AF7622833A9D700EBB55A /* Application Logic */,
				485AF7692833A9D700EBB55A /* User Interface */,
			);
			path = Civilizations;
			sourceTree = "<group>";
		};
		485AF7602833A9D700EBB55A /* Module Interface */ = {
			isa = PBXGroup;
			children = (
				485AF7612833A9D700EBB55A /* CivilizationsModuleInterface.swift */,
			);
			path = "Module Interface";
			sourceTree = "<group>";
		};
		485AF7622833A9D700EBB55A /* Application Logic */ = {
			isa = PBXGroup;
			children = (
				485AF7632833A9D700EBB55A /* Service */,
				485AF7662833A9D700EBB55A /* Interactor */,
			);
			path = "Application Logic";
			sourceTree = "<group>";
		};
		485AF7632833A9D700EBB55A /* Service */ = {
			isa = PBXGroup;
			children = (
				485AF7642833A9D700EBB55A /* CivilizationsService.swift */,
				485AF7652833A9D700EBB55A /* CivilizationsServiceType.swift */,
			);
			path = Service;
			sourceTree = "<group>";
		};
		485AF7662833A9D700EBB55A /* Interactor */ = {
			isa = PBXGroup;
			children = (
				485AF7672833A9D700EBB55A /* CivilizationsInteractor.swift */,
				485AF7682833A9D700EBB55A /* CivilizationsInteractorIO.swift */,
			);
			path = Interactor;
			sourceTree = "<group>";
		};
		485AF7692833A9D700EBB55A /* User Interface */ = {
			isa = PBXGroup;
			children = (
				485AF76A2833A9D700EBB55A /* Presenter */,
				485AF76C2833A9D700EBB55A /* Wireframe */,
				485AF76F2833A9D700EBB55A /* View */,
			);
			path = "User Interface";
			sourceTree = "<group>";
		};
		485AF76A2833A9D700EBB55A /* Presenter */ = {
			isa = PBXGroup;
			children = (
				485AF77F2833AA1000EBB55A /* CivilizationStructure */,
				485AF76B2833A9D700EBB55A /* CivilizationsPresenter.swift */,
			);
			path = Presenter;
			sourceTree = "<group>";
		};
		485AF76C2833A9D700EBB55A /* Wireframe */ = {
			isa = PBXGroup;
			children = (
				485AF76D2833A9D700EBB55A /* CivilizationsWireframe.swift */,
				485AF76E2833A9D700EBB55A /* CivilizationsWireframeInput.swift */,
			);
			path = Wireframe;
			sourceTree = "<group>";
		};
		485AF76F2833A9D700EBB55A /* View */ = {
			isa = PBXGroup;
			children = (
				485AF7702833A9D700EBB55A /* ViewModels */,
				485AF7712833A9D700EBB55A /* CivilizationsViewController.swift */,
				485AF7722833A9D700EBB55A /* CivilizationsViewInterface.swift */,
				485AF7732833A9D700EBB55A /* Civilizations.storyboard */,
			);
			path = View;
			sourceTree = "<group>";
		};
		485AF7702833A9D700EBB55A /* ViewModels */ = {
			isa = PBXGroup;
			children = (
			);
			path = ViewModels;
			sourceTree = "<group>";
		};
		485AF77F2833AA1000EBB55A /* CivilizationStructure */ = {
			isa = PBXGroup;
			children = (
				485AF7802833AA2900EBB55A /* CivilizationStructure.swift */,
			);
			path = CivilizationStructure;
			sourceTree = "<group>";
		};
		485AF7822833AB0500EBB55A /* Module */ = {
			isa = PBXGroup;
			children = (
				485AF75F2833A9D700EBB55A /* Civilizations */,
				485AF6F82833887100EBB55A /* CivDetail */,
			);
			path = Module;
			sourceTree = "<group>";
		};
/* End PBXGroup section */

/* Begin PBXNativeTarget section */
		485AF6B2283387D100EBB55A /* AgeViperVTwo */ = {
			isa = PBXNativeTarget;
			buildConfigurationList = 485AF6C7283387D300EBB55A /* Build configuration list for PBXNativeTarget "AgeViperVTwo" */;
			buildPhases = (
				485AF6AF283387D100EBB55A /* Sources */,
				485AF6B0283387D100EBB55A /* Frameworks */,
				485AF6B1283387D100EBB55A /* Resources */,
			);
			buildRules = (
			);
			dependencies = (
			);
			name = AgeViperVTwo;
			productName = AgeViperVTwo;
			productReference = 485AF6B3283387D100EBB55A /* AgeViperVTwo.app */;
			productType = "com.apple.product-type.application";
		};
/* End PBXNativeTarget section */

/* Begin PBXProject section */
		485AF6AB283387D100EBB55A /* Project object */ = {
			isa = PBXProject;
			attributes = {
				BuildIndependentTargetsInParallel = 1;
				LastSwiftUpdateCheck = 1330;
				LastUpgradeCheck = 1330;
				TargetAttributes = {
					485AF6B2283387D100EBB55A = {
						CreatedOnToolsVersion = 13.3;
					};
				};
			};
			buildConfigurationList = 485AF6AE283387D100EBB55A /* Build configuration list for PBXProject "AgeViperVTwo" */;
			compatibilityVersion = "Xcode 13.0";
			developmentRegion = en;
			hasScannedForEncodings = 0;
			knownRegions = (
				en,
				Base,
			);
			mainGroup = 485AF6AA283387D100EBB55A;
			productRefGroup = 485AF6B4283387D100EBB55A /* Products */;
			projectDirPath = "";
			projectRoot = "";
			targets = (
				485AF6B2283387D100EBB55A /* AgeViperVTwo */,
			);
		};
/* End PBXProject section */

/* Begin PBXResourcesBuildPhase section */
		485AF6B1283387D100EBB55A /* Resources */ = {
			isa = PBXResourcesBuildPhase;
			buildActionMask = 2147483647;
			files = (
				485AF77E2833A9D700EBB55A /* Civilizations.storyboard in Resources */,
				485AF7172833887200EBB55A /* CivDetail.storyboard in Resources */,
				485AF6C3283387D300EBB55A /* LaunchScreen.storyboard in Resources */,
				485AF6C0283387D300EBB55A /* Assets.xcassets in Resources */,
				485AF6BE283387D100EBB55A /* Main.storyboard in Resources */,
			);
			runOnlyForDeploymentPostprocessing = 0;
		};
/* End PBXResourcesBuildPhase section */

/* Begin PBXSourcesBuildPhase section */
		485AF6AF283387D100EBB55A /* Sources */ = {
			isa = PBXSourcesBuildPhase;
			buildActionMask = 2147483647;
			files = (
				485AF7402833890700EBB55A /* WireframeInput.swift in Sources */,
				485AF7102833887200EBB55A /* CivDetailInteractor.swift in Sources */,
				485AF7112833887200EBB55A /* CivDetailInteractorIO.swift in Sources */,
				485AF7142833887200EBB55A /* CivDetailWireframeInput.swift in Sources */,
				485AF7152833887200EBB55A /* CivDetailViewInterface.swift in Sources */,
				483516F92834A783004F2FA6 /* Constants.swift in Sources */,
				485AF70D2833887200EBB55A /* CivDetailModuleInterface.swift in Sources */,
				485AF7162833887200EBB55A /* CivDetailViewController.swift in Sources */,
				485AF7792833A9D700EBB55A /* CivilizationsPresenter.swift in Sources */,
				485AF7132833887200EBB55A /* CivDetailWireframe.swift in Sources */,
				485AF70E2833887200EBB55A /* CivDetailService.swift in Sources */,
				485AF6BB283387D100EBB55A /* ViewController.swift in Sources */,
				485AF77A2833A9D700EBB55A /* CivilizationsWireframe.swift in Sources */,
				485AF74A28338D2900EBB55A /* Endpoints.swift in Sources */,
				485AF7782833A9D700EBB55A /* CivilizationsInteractorIO.swift in Sources */,
				485AF6B7283387D100EBB55A /* AppDelegate.swift in Sources */,
				485AF74C28338F4F00EBB55A /* CivApi.swift in Sources */,
				485AF7742833A9D700EBB55A /* CivilizationsModuleInterface.swift in Sources */,
				485AF7752833A9D700EBB55A /* CivilizationsService.swift in Sources */,
				485AF6B9283387D100EBB55A /* SceneDelegate.swift in Sources */,
				485AF77C2833A9D700EBB55A /* CivilizationsViewController.swift in Sources */,
				485AF7812833AA2900EBB55A /* CivilizationStructure.swift in Sources */,
				485AF74728338C7600EBB55A /* CivilisationResponseModel.swift in Sources */,
				485AF77B2833A9D700EBB55A /* CivilizationsWireframeInput.swift in Sources */,
				485AF77D2833A9D700EBB55A /* CivilizationsViewInterface.swift in Sources */,
				485AF7772833A9D700EBB55A /* CivilizationsInteractor.swift in Sources */,
				485AF70F2833887200EBB55A /* CivDetailServiceType.swift in Sources */,
				485AF74428338B2000EBB55A /* NetworkManager.swift in Sources */,
				485AF7122833887200EBB55A /* CivDetailPresenter.swift in Sources */,
				485AF7762833A9D700EBB55A /* CivilizationsServiceType.swift in Sources */,
			);
			runOnlyForDeploymentPostprocessing = 0;
		};
/* End PBXSourcesBuildPhase section */

/* Begin PBXVariantGroup section */
		485AF6BC283387D100EBB55A /* Main.storyboard */ = {
			isa = PBXVariantGroup;
			children = (
				485AF6BD283387D100EBB55A /* Base */,
			);
			name = Main.storyboard;
			sourceTree = "<group>";
		};
		485AF6C1283387D300EBB55A /* LaunchScreen.storyboard */ = {
			isa = PBXVariantGroup;
			children = (
				485AF6C2283387D300EBB55A /* Base */,
			);
			name = LaunchScreen.storyboard;
			sourceTree = "<group>";
		};
/* End PBXVariantGroup section */

/* Begin XCBuildConfiguration section */
		485AF6C5283387D300EBB55A /* Debug */ = {
			isa = XCBuildConfiguration;
			buildSettings = {
				ALWAYS_SEARCH_USER_PATHS = NO;
				CLANG_ANALYZER_NONNULL = YES;
				CLANG_ANALYZER_NUMBER_OBJECT_CONVERSION = YES_AGGRESSIVE;
				CLANG_CXX_LANGUAGE_STANDARD = "gnu++17";
				CLANG_ENABLE_MODULES = YES;
				CLANG_ENABLE_OBJC_ARC = YES;
				CLANG_ENABLE_OBJC_WEAK = YES;
				CLANG_WARN_BLOCK_CAPTURE_AUTORELEASING = YES;
				CLANG_WARN_BOOL_CONVERSION = YES;
				CLANG_WARN_COMMA = YES;
				CLANG_WARN_CONSTANT_CONVERSION = YES;
				CLANG_WARN_DEPRECATED_OBJC_IMPLEMENTATIONS = YES;
				CLANG_WARN_DIRECT_OBJC_ISA_USAGE = YES_ERROR;
				CLANG_WARN_DOCUMENTATION_COMMENTS = YES;
				CLANG_WARN_EMPTY_BODY = YES;
				CLANG_WARN_ENUM_CONVERSION = YES;
				CLANG_WARN_INFINITE_RECURSION = YES;
				CLANG_WARN_INT_CONVERSION = YES;
				CLANG_WARN_NON_LITERAL_NULL_CONVERSION = YES;
				CLANG_WARN_OBJC_IMPLICIT_RETAIN_SELF = YES;
				CLANG_WARN_OBJC_LITERAL_CONVERSION = YES;
				CLANG_WARN_OBJC_ROOT_CLASS = YES_ERROR;
				CLANG_WARN_QUOTED_INCLUDE_IN_FRAMEWORK_HEADER = YES;
				CLANG_WARN_RANGE_LOOP_ANALYSIS = YES;
				CLANG_WARN_STRICT_PROTOTYPES = YES;
				CLANG_WARN_SUSPICIOUS_MOVE = YES;
				CLANG_WARN_UNGUARDED_AVAILABILITY = YES_AGGRESSIVE;
				CLANG_WARN_UNREACHABLE_CODE = YES;
				CLANG_WARN__DUPLICATE_METHOD_MATCH = YES;
				COPY_PHASE_STRIP = NO;
				DEBUG_INFORMATION_FORMAT = dwarf;
				ENABLE_STRICT_OBJC_MSGSEND = YES;
				ENABLE_TESTABILITY = YES;
				GCC_C_LANGUAGE_STANDARD = gnu11;
				GCC_DYNAMIC_NO_PIC = NO;
				GCC_NO_COMMON_BLOCKS = YES;
				GCC_OPTIMIZATION_LEVEL = 0;
				GCC_PREPROCESSOR_DEFINITIONS = (
					"DEBUG=1",
					"$(inherited)",
				);
				GCC_WARN_64_TO_32_BIT_CONVERSION = YES;
				GCC_WARN_ABOUT_RETURN_TYPE = YES_ERROR;
				GCC_WARN_UNDECLARED_SELECTOR = YES;
				GCC_WARN_UNINITIALIZED_AUTOS = YES_AGGRESSIVE;
				GCC_WARN_UNUSED_FUNCTION = YES;
				GCC_WARN_UNUSED_VARIABLE = YES;
				IPHONEOS_DEPLOYMENT_TARGET = 15.4;
				MTL_ENABLE_DEBUG_INFO = INCLUDE_SOURCE;
				MTL_FAST_MATH = YES;
				ONLY_ACTIVE_ARCH = YES;
				SDKROOT = iphoneos;
				SWIFT_ACTIVE_COMPILATION_CONDITIONS = DEBUG;
				SWIFT_OPTIMIZATION_LEVEL = "-Onone";
			};
			name = Debug;
		};
		485AF6C6283387D300EBB55A /* Release */ = {
			isa = XCBuildConfiguration;
			buildSettings = {
				ALWAYS_SEARCH_USER_PATHS = NO;
				CLANG_ANALYZER_NONNULL = YES;
				CLANG_ANALYZER_NUMBER_OBJECT_CONVERSION = YES_AGGRESSIVE;
				CLANG_CXX_LANGUAGE_STANDARD = "gnu++17";
				CLANG_ENABLE_MODULES = YES;
				CLANG_ENABLE_OBJC_ARC = YES;
				CLANG_ENABLE_OBJC_WEAK = YES;
				CLANG_WARN_BLOCK_CAPTURE_AUTORELEASING = YES;
				CLANG_WARN_BOOL_CONVERSION = YES;
				CLANG_WARN_COMMA = YES;
				CLANG_WARN_CONSTANT_CONVERSION = YES;
				CLANG_WARN_DEPRECATED_OBJC_IMPLEMENTATIONS = YES;
				CLANG_WARN_DIRECT_OBJC_ISA_USAGE = YES_ERROR;
				CLANG_WARN_DOCUMENTATION_COMMENTS = YES;
				CLANG_WARN_EMPTY_BODY = YES;
				CLANG_WARN_ENUM_CONVERSION = YES;
				CLANG_WARN_INFINITE_RECURSION = YES;
				CLANG_WARN_INT_CONVERSION = YES;
				CLANG_WARN_NON_LITERAL_NULL_CONVERSION = YES;
				CLANG_WARN_OBJC_IMPLICIT_RETAIN_SELF = YES;
				CLANG_WARN_OBJC_LITERAL_CONVERSION = YES;
				CLANG_WARN_OBJC_ROOT_CLASS = YES_ERROR;
				CLANG_WARN_QUOTED_INCLUDE_IN_FRAMEWORK_HEADER = YES;
				CLANG_WARN_RANGE_LOOP_ANALYSIS = YES;
				CLANG_WARN_STRICT_PROTOTYPES = YES;
				CLANG_WARN_SUSPICIOUS_MOVE = YES;
				CLANG_WARN_UNGUARDED_AVAILABILITY = YES_AGGRESSIVE;
				CLANG_WARN_UNREACHABLE_CODE = YES;
				CLANG_WARN__DUPLICATE_METHOD_MATCH = YES;
				COPY_PHASE_STRIP = NO;
				DEBUG_INFORMATION_FORMAT = "dwarf-with-dsym";
				ENABLE_NS_ASSERTIONS = NO;
				ENABLE_STRICT_OBJC_MSGSEND = YES;
				GCC_C_LANGUAGE_STANDARD = gnu11;
				GCC_NO_COMMON_BLOCKS = YES;
				GCC_WARN_64_TO_32_BIT_CONVERSION = YES;
				GCC_WARN_ABOUT_RETURN_TYPE = YES_ERROR;
				GCC_WARN_UNDECLARED_SELECTOR = YES;
				GCC_WARN_UNINITIALIZED_AUTOS = YES_AGGRESSIVE;
				GCC_WARN_UNUSED_FUNCTION = YES;
				GCC_WARN_UNUSED_VARIABLE = YES;
				IPHONEOS_DEPLOYMENT_TARGET = 15.4;
				MTL_ENABLE_DEBUG_INFO = NO;
				MTL_FAST_MATH = YES;
				SDKROOT = iphoneos;
				SWIFT_COMPILATION_MODE = wholemodule;
				SWIFT_OPTIMIZATION_LEVEL = "-O";
				VALIDATE_PRODUCT = YES;
			};
			name = Release;
		};
		485AF6C8283387D300EBB55A /* Debug */ = {
			isa = XCBuildConfiguration;
			buildSettings = {
				ASSETCATALOG_COMPILER_APPICON_NAME = AppIcon;
				ASSETCATALOG_COMPILER_GLOBAL_ACCENT_COLOR_NAME = AccentColor;
				CODE_SIGN_STYLE = Automatic;
				CURRENT_PROJECT_VERSION = 1;
				DEVELOPMENT_TEAM = P7YG254GA3;
				GENERATE_INFOPLIST_FILE = YES;
				INFOPLIST_FILE = AgeViperVTwo/Info.plist;
				INFOPLIST_KEY_UIApplicationSupportsIndirectInputEvents = YES;
				INFOPLIST_KEY_UILaunchStoryboardName = LaunchScreen;
				INFOPLIST_KEY_UIMainStoryboardFile = Main;
				INFOPLIST_KEY_UISupportedInterfaceOrientations_iPad = "UIInterfaceOrientationPortrait UIInterfaceOrientationPortraitUpsideDown UIInterfaceOrientationLandscapeLeft UIInterfaceOrientationLandscapeRight";
				INFOPLIST_KEY_UISupportedInterfaceOrientations_iPhone = "UIInterfaceOrientationPortrait UIInterfaceOrientationLandscapeLeft UIInterfaceOrientationLandscapeRight";
				LD_RUNPATH_SEARCH_PATHS = (
					"$(inherited)",
					"@executable_path/Frameworks",
				);
				MARKETING_VERSION = 1.0;
				PRODUCT_BUNDLE_IDENTIFIER = com.karma.AgeViperVTwo;
				PRODUCT_NAME = "$(TARGET_NAME)";
				SWIFT_EMIT_LOC_STRINGS = YES;
				SWIFT_VERSION = 5.0;
				TARGETED_DEVICE_FAMILY = "1,2";
			};
			name = Debug;
		};
		485AF6C9283387D300EBB55A /* Release */ = {
			isa = XCBuildConfiguration;
			buildSettings = {
				ASSETCATALOG_COMPILER_APPICON_NAME = AppIcon;
				ASSETCATALOG_COMPILER_GLOBAL_ACCENT_COLOR_NAME = AccentColor;
				CODE_SIGN_STYLE = Automatic;
				CURRENT_PROJECT_VERSION = 1;
				DEVELOPMENT_TEAM = P7YG254GA3;
				GENERATE_INFOPLIST_FILE = YES;
				INFOPLIST_FILE = AgeViperVTwo/Info.plist;
				INFOPLIST_KEY_UIApplicationSupportsIndirectInputEvents = YES;
				INFOPLIST_KEY_UILaunchStoryboardName = LaunchScreen;
				INFOPLIST_KEY_UIMainStoryboardFile = Main;
				INFOPLIST_KEY_UISupportedInterfaceOrientations_iPad = "UIInterfaceOrientationPortrait UIInterfaceOrientationPortraitUpsideDown UIInterfaceOrientationLandscapeLeft UIInterfaceOrientationLandscapeRight";
				INFOPLIST_KEY_UISupportedInterfaceOrientations_iPhone = "UIInterfaceOrientationPortrait UIInterfaceOrientationLandscapeLeft UIInterfaceOrientationLandscapeRight";
				LD_RUNPATH_SEARCH_PATHS = (
					"$(inherited)",
					"@executable_path/Frameworks",
				);
				MARKETING_VERSION = 1.0;
				PRODUCT_BUNDLE_IDENTIFIER = com.karma.AgeViperVTwo;
				PRODUCT_NAME = "$(TARGET_NAME)";
				SWIFT_EMIT_LOC_STRINGS = YES;
				SWIFT_VERSION = 5.0;
				TARGETED_DEVICE_FAMILY = "1,2";
			};
			name = Release;
		};
/* End XCBuildConfiguration section */

/* Begin XCConfigurationList section */
		485AF6AE283387D100EBB55A /* Build configuration list for PBXProject "AgeViperVTwo" */ = {
			isa = XCConfigurationList;
			buildConfigurations = (
				485AF6C5283387D300EBB55A /* Debug */,
				485AF6C6283387D300EBB55A /* Release */,
			);
			defaultConfigurationIsVisible = 0;
			defaultConfigurationName = Release;
		};
		485AF6C7283387D300EBB55A /* Build configuration list for PBXNativeTarget "AgeViperVTwo" */ = {
			isa = XCConfigurationList;
			buildConfigurations = (
				485AF6C8283387D300EBB55A /* Debug */,
				485AF6C9283387D300EBB55A /* Release */,
			);
			defaultConfigurationIsVisible = 0;
			defaultConfigurationName = Release;
		};
/* End XCConfigurationList section */
	};
	rootObject = 485AF6AB283387D100EBB55A /* Project object */;
}
